// !$*UTF8*$!
{
	archiveVersion = 1;
	classes = {
	};
	objectVersion = 48;
	objects = {

/* Begin PBXBuildFile section */
		C40E9B2D20DD5F4800D7047E /* GoogleService-Info.plist in Resources */ = {isa = PBXBuildFile; fileRef = C40E9B2C20DD5F4800D7047E /* GoogleService-Info.plist */; };
		C40E9B3020DD613400D7047E /* DataService.swift in Sources */ = {isa = PBXBuildFile; fileRef = C40E9B2F20DD613400D7047E /* DataService.swift */; };
		C41EAC5020DC1E6D002A2CB7 /* GradientView.swift in Sources */ = {isa = PBXBuildFile; fileRef = C41EAC4F20DC1E6D002A2CB7 /* GradientView.swift */; };
		C41EAC5220DC2196002A2CB7 /* RoundImageView.swift in Sources */ = {isa = PBXBuildFile; fileRef = C41EAC5120DC2196002A2CB7 /* RoundImageView.swift */; };
		C41EAC5420DC2534002A2CB7 /* RoundedShadowView.swift in Sources */ = {isa = PBXBuildFile; fileRef = C41EAC5320DC2534002A2CB7 /* RoundedShadowView.swift */; };
		C41EAC5620DC2671002A2CB7 /* CircleView.swift in Sources */ = {isa = PBXBuildFile; fileRef = C41EAC5520DC2671002A2CB7 /* CircleView.swift */; };
		C41EAC5820DC28CD002A2CB7 /* RoundedShadowButton.swift in Sources */ = {isa = PBXBuildFile; fileRef = C41EAC5720DC28CD002A2CB7 /* RoundedShadowButton.swift */; };
		C41EAC5A20DC36C0002A2CB7 /* LeftSidePanelVC.swift in Sources */ = {isa = PBXBuildFile; fileRef = C41EAC5920DC36C0002A2CB7 /* LeftSidePanelVC.swift */; };
		C41EAC5C20DC376D002A2CB7 /* ContainerVC.swift in Sources */ = {isa = PBXBuildFile; fileRef = C41EAC5B20DC376D002A2CB7 /* ContainerVC.swift */; };
		C41EAC5F20DC3C3F002A2CB7 /* CenterVCDelegate.swift in Sources */ = {isa = PBXBuildFile; fileRef = C41EAC5E20DC3C3F002A2CB7 /* CenterVCDelegate.swift */; };
		C41EAC6220DC5698002A2CB7 /* UIViewExt.swift in Sources */ = {isa = PBXBuildFile; fileRef = C41EAC6120DC5698002A2CB7 /* UIViewExt.swift */; };
		C41EAC6420DC63A6002A2CB7 /* LoginVC.swift in Sources */ = {isa = PBXBuildFile; fileRef = C41EAC6320DC63A6002A2CB7 /* LoginVC.swift */; };
		C41EAC6620DC6984002A2CB7 /* RoundedCornerTextField.swift in Sources */ = {isa = PBXBuildFile; fileRef = C41EAC6520DC6984002A2CB7 /* RoundedCornerTextField.swift */; };
		C4AEA9A020DC065E00A57289 /* AppDelegate.swift in Sources */ = {isa = PBXBuildFile; fileRef = C4AEA99F20DC065E00A57289 /* AppDelegate.swift */; };
		C4AEA9A220DC065E00A57289 /* HomeVC.swift in Sources */ = {isa = PBXBuildFile; fileRef = C4AEA9A120DC065E00A57289 /* HomeVC.swift */; };
		C4AEA9A520DC065E00A57289 /* Main.storyboard in Resources */ = {isa = PBXBuildFile; fileRef = C4AEA9A320DC065E00A57289 /* Main.storyboard */; };
		C4AEA9A720DC065E00A57289 /* Assets.xcassets in Resources */ = {isa = PBXBuildFile; fileRef = C4AEA9A620DC065E00A57289 /* Assets.xcassets */; };
		C4AEA9AA20DC065E00A57289 /* LaunchScreen.storyboard in Resources */ = {isa = PBXBuildFile; fileRef = C4AEA9A820DC065E00A57289 /* LaunchScreen.storyboard */; };
		FE1C465F562380D9D67A8ED8 /* Pods_Hitch.framework in Frameworks */ = {isa = PBXBuildFile; fileRef = A9C2E8E80BA7FBA32E51CD27 /* Pods_Hitch.framework */; };
/* End PBXBuildFile section */

/* Begin PBXFileReference section */
		0B9188F214ABD812281476E1 /* Pods-Hitch.debug.xcconfig */ = {isa = PBXFileReference; includeInIndex = 1; lastKnownFileType = text.xcconfig; name = "Pods-Hitch.debug.xcconfig"; path = "Pods/Target Support Files/Pods-Hitch/Pods-Hitch.debug.xcconfig"; sourceTree = "<group>"; };
		44375D84D521C24DACC7A5BE /* Pods-Hitch.release.xcconfig */ = {isa = PBXFileReference; includeInIndex = 1; lastKnownFileType = text.xcconfig; name = "Pods-Hitch.release.xcconfig"; path = "Pods/Target Support Files/Pods-Hitch/Pods-Hitch.release.xcconfig"; sourceTree = "<group>"; };
		A9C2E8E80BA7FBA32E51CD27 /* Pods_Hitch.framework */ = {isa = PBXFileReference; explicitFileType = wrapper.framework; includeInIndex = 0; path = Pods_Hitch.framework; sourceTree = BUILT_PRODUCTS_DIR; };
		C40E9B2C20DD5F4800D7047E /* GoogleService-Info.plist */ = {isa = PBXFileReference; fileEncoding = 4; lastKnownFileType = text.plist.xml; path = "GoogleService-Info.plist"; sourceTree = "<group>"; };
		C40E9B2F20DD613400D7047E /* DataService.swift */ = {isa = PBXFileReference; lastKnownFileType = sourcecode.swift; path = DataService.swift; sourceTree = "<group>"; };
		C41EAC4F20DC1E6D002A2CB7 /* GradientView.swift */ = {isa = PBXFileReference; lastKnownFileType = sourcecode.swift; path = GradientView.swift; sourceTree = "<group>"; };
		C41EAC5120DC2196002A2CB7 /* RoundImageView.swift */ = {isa = PBXFileReference; lastKnownFileType = sourcecode.swift; path = RoundImageView.swift; sourceTree = "<group>"; };
		C41EAC5320DC2534002A2CB7 /* RoundedShadowView.swift */ = {isa = PBXFileReference; lastKnownFileType = sourcecode.swift; path = RoundedShadowView.swift; sourceTree = "<group>"; };
		C41EAC5520DC2671002A2CB7 /* CircleView.swift */ = {isa = PBXFileReference; lastKnownFileType = sourcecode.swift; path = CircleView.swift; sourceTree = "<group>"; };
		C41EAC5720DC28CD002A2CB7 /* RoundedShadowButton.swift */ = {isa = PBXFileReference; lastKnownFileType = sourcecode.swift; path = RoundedShadowButton.swift; sourceTree = "<group>"; };
		C41EAC5920DC36C0002A2CB7 /* LeftSidePanelVC.swift */ = {isa = PBXFileReference; lastKnownFileType = sourcecode.swift; path = LeftSidePanelVC.swift; sourceTree = "<group>"; };
		C41EAC5B20DC376D002A2CB7 /* ContainerVC.swift */ = {isa = PBXFileReference; lastKnownFileType = sourcecode.swift; path = ContainerVC.swift; sourceTree = "<group>"; };
		C41EAC5E20DC3C3F002A2CB7 /* CenterVCDelegate.swift */ = {isa = PBXFileReference; lastKnownFileType = sourcecode.swift; path = CenterVCDelegate.swift; sourceTree = "<group>"; };
		C41EAC6120DC5698002A2CB7 /* UIViewExt.swift */ = {isa = PBXFileReference; lastKnownFileType = sourcecode.swift; path = UIViewExt.swift; sourceTree = "<group>"; };
		C41EAC6320DC63A6002A2CB7 /* LoginVC.swift */ = {isa = PBXFileReference; lastKnownFileType = sourcecode.swift; path = LoginVC.swift; sourceTree = "<group>"; };
		C41EAC6520DC6984002A2CB7 /* RoundedCornerTextField.swift */ = {isa = PBXFileReference; lastKnownFileType = sourcecode.swift; path = RoundedCornerTextField.swift; sourceTree = "<group>"; };
		C4AEA99C20DC065E00A57289 /* Hitch.app */ = {isa = PBXFileReference; explicitFileType = wrapper.application; includeInIndex = 0; path = Hitch.app; sourceTree = BUILT_PRODUCTS_DIR; };
		C4AEA99F20DC065E00A57289 /* AppDelegate.swift */ = {isa = PBXFileReference; lastKnownFileType = sourcecode.swift; path = AppDelegate.swift; sourceTree = "<group>"; };
		C4AEA9A120DC065E00A57289 /* HomeVC.swift */ = {isa = PBXFileReference; lastKnownFileType = sourcecode.swift; path = HomeVC.swift; sourceTree = "<group>"; };
		C4AEA9A420DC065E00A57289 /* Base */ = {isa = PBXFileReference; lastKnownFileType = file.storyboard; name = Base; path = Base.lproj/Main.storyboard; sourceTree = "<group>"; };
		C4AEA9A620DC065E00A57289 /* Assets.xcassets */ = {isa = PBXFileReference; lastKnownFileType = folder.assetcatalog; path = Assets.xcassets; sourceTree = "<group>"; };
		C4AEA9A920DC065E00A57289 /* Base */ = {isa = PBXFileReference; lastKnownFileType = file.storyboard; name = Base; path = Base.lproj/LaunchScreen.storyboard; sourceTree = "<group>"; };
		C4AEA9AB20DC065E00A57289 /* Info.plist */ = {isa = PBXFileReference; lastKnownFileType = text.plist.xml; path = Info.plist; sourceTree = "<group>"; };
/* End PBXFileReference section */

/* Begin PBXFrameworksBuildPhase section */
		C4AEA99920DC065E00A57289 /* Frameworks */ = {
			isa = PBXFrameworksBuildPhase;
			buildActionMask = 2147483647;
			files = (
				FE1C465F562380D9D67A8ED8 /* Pods_Hitch.framework in Frameworks */,
			);
			runOnlyForDeploymentPostprocessing = 0;
		};
/* End PBXFrameworksBuildPhase section */

/* Begin PBXGroup section */
		52245ABF91D5ED6683264431 /* Pods */ = {
			isa = PBXGroup;
			children = (
				0B9188F214ABD812281476E1 /* Pods-Hitch.debug.xcconfig */,
				44375D84D521C24DACC7A5BE /* Pods-Hitch.release.xcconfig */,
			);
			name = Pods;
			sourceTree = "<group>";
		};
		97CE71005806FC447AB1F87F /* Frameworks */ = {
			isa = PBXGroup;
			children = (
				A9C2E8E80BA7FBA32E51CD27 /* Pods_Hitch.framework */,
			);
			name = Frameworks;
			sourceTree = "<group>";
		};
		C40E9B2E20DD612400D7047E /* Services */ = {
			isa = PBXGroup;
			children = (
				C40E9B2F20DD613400D7047E /* DataService.swift */,
			);
			path = Services;
			sourceTree = "<group>";
		};
		C41EAC4C20DC1E34002A2CB7 /* Controller */ = {
			isa = PBXGroup;
			children = (
				C41EAC6320DC63A6002A2CB7 /* LoginVC.swift */,
				C4AEA9A120DC065E00A57289 /* HomeVC.swift */,
				C41EAC5920DC36C0002A2CB7 /* LeftSidePanelVC.swift */,
				C41EAC5B20DC376D002A2CB7 /* ContainerVC.swift */,
			);
			path = Controller;
			sourceTree = "<group>";
		};
		C41EAC4D20DC1E3B002A2CB7 /* Model */ = {
			isa = PBXGroup;
			children = (
			);
			path = Model;
			sourceTree = "<group>";
		};
		C41EAC4E20DC1E41002A2CB7 /* View */ = {
			isa = PBXGroup;
			children = (
				C41EAC6520DC6984002A2CB7 /* RoundedCornerTextField.swift */,
				C41EAC5720DC28CD002A2CB7 /* RoundedShadowButton.swift */,
				C41EAC5520DC2671002A2CB7 /* CircleView.swift */,
				C41EAC5320DC2534002A2CB7 /* RoundedShadowView.swift */,
				C41EAC5120DC2196002A2CB7 /* RoundImageView.swift */,
				C41EAC4F20DC1E6D002A2CB7 /* GradientView.swift */,
			);
			path = View;
			sourceTree = "<group>";
		};
		C41EAC5D20DC3C30002A2CB7 /* Protocols */ = {
			isa = PBXGroup;
			children = (
				C41EAC5E20DC3C3F002A2CB7 /* CenterVCDelegate.swift */,
			);
			path = Protocols;
			sourceTree = "<group>";
		};
		C41EAC6020DC5681002A2CB7 /* Extensions */ = {
			isa = PBXGroup;
			children = (
				C41EAC6120DC5698002A2CB7 /* UIViewExt.swift */,
			);
			path = Extensions;
			sourceTree = "<group>";
		};
		C4AEA99320DC065E00A57289 = {
			isa = PBXGroup;
			children = (
				C4AEA99E20DC065E00A57289 /* Hitch */,
				C4AEA99D20DC065E00A57289 /* Products */,
				52245ABF91D5ED6683264431 /* Pods */,
				97CE71005806FC447AB1F87F /* Frameworks */,
			);
			sourceTree = "<group>";
		};
		C4AEA99D20DC065E00A57289 /* Products */ = {
			isa = PBXGroup;
			children = (
				C4AEA99C20DC065E00A57289 /* Hitch.app */,
			);
			name = Products;
			sourceTree = "<group>";
		};
		C4AEA99E20DC065E00A57289 /* Hitch */ = {
			isa = PBXGroup;
			children = (
				C40E9B2E20DD612400D7047E /* Services */,
				C41EAC6020DC5681002A2CB7 /* Extensions */,
				C41EAC5D20DC3C30002A2CB7 /* Protocols */,
				C41EAC4D20DC1E3B002A2CB7 /* Model */,
				C41EAC4E20DC1E41002A2CB7 /* View */,
				C41EAC4C20DC1E34002A2CB7 /* Controller */,
				C4AEA99F20DC065E00A57289 /* AppDelegate.swift */,
				C4AEA9A320DC065E00A57289 /* Main.storyboard */,
				C4AEA9A620DC065E00A57289 /* Assets.xcassets */,
				C4AEA9A820DC065E00A57289 /* LaunchScreen.storyboard */,
				C40E9B2C20DD5F4800D7047E /* GoogleService-Info.plist */,
				C4AEA9AB20DC065E00A57289 /* Info.plist */,
			);
			path = Hitch;
			sourceTree = "<group>";
		};
/* End PBXGroup section */

/* Begin PBXNativeTarget section */
		C4AEA99B20DC065E00A57289 /* Hitch */ = {
			isa = PBXNativeTarget;
			buildConfigurationList = C4AEA9AE20DC065E00A57289 /* Build configuration list for PBXNativeTarget "Hitch" */;
			buildPhases = (
				74F34A7F3E6E935D3E0073B1 /* [CP] Check Pods Manifest.lock */,
				C4AEA99820DC065E00A57289 /* Sources */,
				C4AEA99920DC065E00A57289 /* Frameworks */,
				C4AEA99A20DC065E00A57289 /* Resources */,
				83E05FE952B2D94B9D02548C /* [CP] Embed Pods Frameworks */,
				66F674B0CCB3C86FAC15CFDF /* [CP] Copy Pods Resources */,
			);
			buildRules = (
			);
			dependencies = (
			);
			name = Hitch;
			productName = Hitch;
			productReference = C4AEA99C20DC065E00A57289 /* Hitch.app */;
			productType = "com.apple.product-type.application";
		};
/* End PBXNativeTarget section */

/* Begin PBXProject section */
		C4AEA99420DC065E00A57289 /* Project object */ = {
			isa = PBXProject;
			attributes = {
				LastSwiftUpdateCheck = 0920;
				LastUpgradeCheck = 0920;
				ORGANIZATIONNAME = "Lasse Silkoset";
				TargetAttributes = {
					C4AEA99B20DC065E00A57289 = {
						CreatedOnToolsVersion = 9.2;
						ProvisioningStyle = Automatic;
					};
				};
			};
			buildConfigurationList = C4AEA99720DC065E00A57289 /* Build configuration list for PBXProject "Hitch" */;
			compatibilityVersion = "Xcode 8.0";
			developmentRegion = en;
			hasScannedForEncodings = 0;
			knownRegions = (
				en,
				Base,
			);
			mainGroup = C4AEA99320DC065E00A57289;
			productRefGroup = C4AEA99D20DC065E00A57289 /* Products */;
			projectDirPath = "";
			projectRoot = "";
			targets = (
				C4AEA99B20DC065E00A57289 /* Hitch */,
			);
		};
/* End PBXProject section */

/* Begin PBXResourcesBuildPhase section */
		C4AEA99A20DC065E00A57289 /* Resources */ = {
			isa = PBXResourcesBuildPhase;
			buildActionMask = 2147483647;
			files = (
				C4AEA9AA20DC065E00A57289 /* LaunchScreen.storyboard in Resources */,
				C4AEA9A720DC065E00A57289 /* Assets.xcassets in Resources */,
				C4AEA9A520DC065E00A57289 /* Main.storyboard in Resources */,
				C40E9B2D20DD5F4800D7047E /* GoogleService-Info.plist in Resources */,
			);
			runOnlyForDeploymentPostprocessing = 0;
		};
/* End PBXResourcesBuildPhase section */

/* Begin PBXShellScriptBuildPhase section */
		66F674B0CCB3C86FAC15CFDF /* [CP] Copy Pods Resources */ = {
			isa = PBXShellScriptBuildPhase;
			buildActionMask = 2147483647;
			files = (
			);
			inputPaths = (
			);
			name = "[CP] Copy Pods Resources";
			outputPaths = (
			);
			runOnlyForDeploymentPostprocessing = 0;
			shellPath = /bin/sh;
			shellScript = "\"${SRCROOT}/Pods/Target Support Files/Pods-Hitch/Pods-Hitch-resources.sh\"\n";
			showEnvVarsInLog = 0;
		};
		74F34A7F3E6E935D3E0073B1 /* [CP] Check Pods Manifest.lock */ = {
			isa = PBXShellScriptBuildPhase;
			buildActionMask = 2147483647;
			files = (
			);
			inputPaths = (
				"${PODS_PODFILE_DIR_PATH}/Podfile.lock",
				"${PODS_ROOT}/Manifest.lock",
			);
			name = "[CP] Check Pods Manifest.lock";
			outputPaths = (
				"$(DERIVED_FILE_DIR)/Pods-Hitch-checkManifestLockResult.txt",
			);
			runOnlyForDeploymentPostprocessing = 0;
			shellPath = /bin/sh;
			shellScript = "diff \"${PODS_PODFILE_DIR_PATH}/Podfile.lock\" \"${PODS_ROOT}/Manifest.lock\" > /dev/null\nif [ $? != 0 ] ; then\n    # print error to STDERR\n    echo \"error: The sandbox is not in sync with the Podfile.lock. Run 'pod install' or update your CocoaPods installation.\" >&2\n    exit 1\nfi\n# This output is used by Xcode 'outputs' to avoid re-running this script phase.\necho \"SUCCESS\" > \"${SCRIPT_OUTPUT_FILE_0}\"\n";
			showEnvVarsInLog = 0;
		};
		83E05FE952B2D94B9D02548C /* [CP] Embed Pods Frameworks */ = {
			isa = PBXShellScriptBuildPhase;
			buildActionMask = 2147483647;
			files = (
			);
			inputPaths = (
				"${SRCROOT}/Pods/Target Support Files/Pods-Hitch/Pods-Hitch-frameworks.sh",
				"${BUILT_PRODUCTS_DIR}/GTMSessionFetcher/GTMSessionFetcher.framework",
				"${BUILT_PRODUCTS_DIR}/GoogleToolboxForMac/GoogleToolboxForMac.framework",
				"${BUILT_PRODUCTS_DIR}/RevealingSplashView/RevealingSplashView.framework",
				"${BUILT_PRODUCTS_DIR}/leveldb-library/leveldb.framework",
				"${BUILT_PRODUCTS_DIR}/nanopb/nanopb.framework",
			);
			name = "[CP] Embed Pods Frameworks";
			outputPaths = (
				"${TARGET_BUILD_DIR}/${FRAMEWORKS_FOLDER_PATH}/GTMSessionFetcher.framework",
				"${TARGET_BUILD_DIR}/${FRAMEWORKS_FOLDER_PATH}/GoogleToolboxForMac.framework",
				"${TARGET_BUILD_DIR}/${FRAMEWORKS_FOLDER_PATH}/RevealingSplashView.framework",
				"${TARGET_BUILD_DIR}/${FRAMEWORKS_FOLDER_PATH}/leveldb.framework",
				"${TARGET_BUILD_DIR}/${FRAMEWORKS_FOLDER_PATH}/nanopb.framework",
			);
			runOnlyForDeploymentPostprocessing = 0;
			shellPath = /bin/sh;
			shellScript = "\"${SRCROOT}/Pods/Target Support Files/Pods-Hitch/Pods-Hitch-frameworks.sh\"\n";
			showEnvVarsInLog = 0;
		};
/* End PBXShellScriptBuildPhase section */

/* Begin PBXSourcesBuildPhase section */
		C4AEA99820DC065E00A57289 /* Sources */ = {
			isa = PBXSourcesBuildPhase;
			buildActionMask = 2147483647;
			files = (
				C41EAC5F20DC3C3F002A2CB7 /* CenterVCDelegate.swift in Sources */,
				C40E9B3020DD613400D7047E /* DataService.swift in Sources */,
				C41EAC5820DC28CD002A2CB7 /* RoundedShadowButton.swift in Sources */,
				C41EAC6420DC63A6002A2CB7 /* LoginVC.swift in Sources */,
				C41EAC5A20DC36C0002A2CB7 /* LeftSidePanelVC.swift in Sources */,
				C41EAC5620DC2671002A2CB7 /* CircleView.swift in Sources */,
				C41EAC5C20DC376D002A2CB7 /* ContainerVC.swift in Sources */,
				C41EAC6220DC5698002A2CB7 /* UIViewExt.swift in Sources */,
				C4AEA9A220DC065E00A57289 /* HomeVC.swift in Sources */,
				C41EAC5220DC2196002A2CB7 /* RoundImageView.swift in Sources */,
				C41EAC5420DC2534002A2CB7 /* RoundedShadowView.swift in Sources */,
				C41EAC6620DC6984002A2CB7 /* RoundedCornerTextField.swift in Sources */,
				C4AEA9A020DC065E00A57289 /* AppDelegate.swift in Sources */,
				C41EAC5020DC1E6D002A2CB7 /* GradientView.swift in Sources */,
			);
			runOnlyForDeploymentPostprocessing = 0;
		};
/* End PBXSourcesBuildPhase section */

/* Begin PBXVariantGroup section */
		C4AEA9A320DC065E00A57289 /* Main.storyboard */ = {
			isa = PBXVariantGroup;
			children = (
				C4AEA9A420DC065E00A57289 /* Base */,
			);
			name = Main.storyboard;
			sourceTree = "<group>";
		};
		C4AEA9A820DC065E00A57289 /* LaunchScreen.storyboard */ = {
			isa = PBXVariantGroup;
			children = (
				C4AEA9A920DC065E00A57289 /* Base */,
			);
			name = LaunchScreen.storyboard;
			sourceTree = "<group>";
		};
/* End PBXVariantGroup section */

/* Begin XCBuildConfiguration section */
		C4AEA9AC20DC065E00A57289 /* Debug */ = {
			isa = XCBuildConfiguration;
			buildSettings = {
				ALWAYS_SEARCH_USER_PATHS = NO;
				CLANG_ANALYZER_NONNULL = YES;
				CLANG_ANALYZER_NUMBER_OBJECT_CONVERSION = YES_AGGRESSIVE;
				CLANG_CXX_LANGUAGE_STANDARD = "gnu++14";
				CLANG_CXX_LIBRARY = "libc++";
				CLANG_ENABLE_MODULES = YES;
				CLANG_ENABLE_OBJC_ARC = YES;
				CLANG_WARN_BLOCK_CAPTURE_AUTORELEASING = YES;
				CLANG_WARN_BOOL_CONVERSION = YES;
				CLANG_WARN_COMMA = YES;
				CLANG_WARN_CONSTANT_CONVERSION = YES;
				CLANG_WARN_DIRECT_OBJC_ISA_USAGE = YES_ERROR;
				CLANG_WARN_DOCUMENTATION_COMMENTS = YES;
				CLANG_WARN_EMPTY_BODY = YES;
				CLANG_WARN_ENUM_CONVERSION = YES;
				CLANG_WARN_INFINITE_RECURSION = YES;
				CLANG_WARN_INT_CONVERSION = YES;
				CLANG_WARN_NON_LITERAL_NULL_CONVERSION = YES;
				CLANG_WARN_OBJC_LITERAL_CONVERSION = YES;
				CLANG_WARN_OBJC_ROOT_CLASS = YES_ERROR;
				CLANG_WARN_RANGE_LOOP_ANALYSIS = YES;
				CLANG_WARN_STRICT_PROTOTYPES = YES;
				CLANG_WARN_SUSPICIOUS_MOVE = YES;
				CLANG_WARN_UNGUARDED_AVAILABILITY = YES_AGGRESSIVE;
				CLANG_WARN_UNREACHABLE_CODE = YES;
				CLANG_WARN__DUPLICATE_METHOD_MATCH = YES;
				CODE_SIGN_IDENTITY = "iPhone Developer";
				COPY_PHASE_STRIP = NO;
				DEBUG_INFORMATION_FORMAT = dwarf;
				ENABLE_STRICT_OBJC_MSGSEND = YES;
				ENABLE_TESTABILITY = YES;
				GCC_C_LANGUAGE_STANDARD = gnu11;
				GCC_DYNAMIC_NO_PIC = NO;
				GCC_NO_COMMON_BLOCKS = YES;
				GCC_OPTIMIZATION_LEVEL = 0;
				GCC_PREPROCESSOR_DEFINITIONS = (
					"DEBUG=1",
					"$(inherited)",
				);
				GCC_WARN_64_TO_32_BIT_CONVERSION = YES;
				GCC_WARN_ABOUT_RETURN_TYPE = YES_ERROR;
				GCC_WARN_UNDECLARED_SELECTOR = YES;
				GCC_WARN_UNINITIALIZED_AUTOS = YES_AGGRESSIVE;
				GCC_WARN_UNUSED_FUNCTION = YES;
				GCC_WARN_UNUSED_VARIABLE = YES;
				IPHONEOS_DEPLOYMENT_TARGET = 11.2;
				MTL_ENABLE_DEBUG_INFO = YES;
				ONLY_ACTIVE_ARCH = YES;
				SDKROOT = iphoneos;
				SWIFT_ACTIVE_COMPILATION_CONDITIONS = DEBUG;
				SWIFT_OPTIMIZATION_LEVEL = "-Onone";
			};
			name = Debug;
		};
		C4AEA9AD20DC065E00A57289 /* Release */ = {
			isa = XCBuildConfiguration;
			buildSettings = {
				ALWAYS_SEARCH_USER_PATHS = NO;
				CLANG_ANALYZER_NONNULL = YES;
				CLANG_ANALYZER_NUMBER_OBJECT_CONVERSION = YES_AGGRESSIVE;
				CLANG_CXX_LANGUAGE_STANDARD = "gnu++14";
				CLANG_CXX_LIBRARY = "libc++";
				CLANG_ENABLE_MODULES = YES;
				CLANG_ENABLE_OBJC_ARC = YES;
				CLANG_WARN_BLOCK_CAPTURE_AUTORELEASING = YES;
				CLANG_WARN_BOOL_CONVERSION = YES;
				CLANG_WARN_COMMA = YES;
				CLANG_WARN_CONSTANT_CONVERSION = YES;
				CLANG_WARN_DIRECT_OBJC_ISA_USAGE = YES_ERROR;
				CLANG_WARN_DOCUMENTATION_COMMENTS = YES;
				CLANG_WARN_EMPTY_BODY = YES;
				CLANG_WARN_ENUM_CONVERSION = YES;
				CLANG_WARN_INFINITE_RECURSION = YES;
				CLANG_WARN_INT_CONVERSION = YES;
				CLANG_WARN_NON_LITERAL_NULL_CONVERSION = YES;
				CLANG_WARN_OBJC_LITERAL_CONVERSION = YES;
				CLANG_WARN_OBJC_ROOT_CLASS = YES_ERROR;
				CLANG_WARN_RANGE_LOOP_ANALYSIS = YES;
				CLANG_WARN_STRICT_PROTOTYPES = YES;
				CLANG_WARN_SUSPICIOUS_MOVE = YES;
				CLANG_WARN_UNGUARDED_AVAILABILITY = YES_AGGRESSIVE;
				CLANG_WARN_UNREACHABLE_CODE = YES;
				CLANG_WARN__DUPLICATE_METHOD_MATCH = YES;
				CODE_SIGN_IDENTITY = "iPhone Developer";
				COPY_PHASE_STRIP = NO;
				DEBUG_INFORMATION_FORMAT = "dwarf-with-dsym";
				ENABLE_NS_ASSERTIONS = NO;
				ENABLE_STRICT_OBJC_MSGSEND = YES;
				GCC_C_LANGUAGE_STANDARD = gnu11;
				GCC_NO_COMMON_BLOCKS = YES;
				GCC_WARN_64_TO_32_BIT_CONVERSION = YES;
				GCC_WARN_ABOUT_RETURN_TYPE = YES_ERROR;
				GCC_WARN_UNDECLARED_SELECTOR = YES;
				GCC_WARN_UNINITIALIZED_AUTOS = YES_AGGRESSIVE;
				GCC_WARN_UNUSED_FUNCTION = YES;
				GCC_WARN_UNUSED_VARIABLE = YES;
				IPHONEOS_DEPLOYMENT_TARGET = 11.2;
				MTL_ENABLE_DEBUG_INFO = NO;
				SDKROOT = iphoneos;
				SWIFT_OPTIMIZATION_LEVEL = "-Owholemodule";
				VALIDATE_PRODUCT = YES;
			};
			name = Release;
		};
		C4AEA9AF20DC065E00A57289 /* Debug */ = {
			isa = XCBuildConfiguration;
			baseConfigurationReference = 0B9188F214ABD812281476E1 /* Pods-Hitch.debug.xcconfig */;
			buildSettings = {
				ASSETCATALOG_COMPILER_APPICON_NAME = AppIcon;
				CODE_SIGN_STYLE = Automatic;
				DEVELOPMENT_TEAM = 6PPL8837AU;
				INFOPLIST_FILE = Hitch/Info.plist;
				LD_RUNPATH_SEARCH_PATHS = "$(inherited) @executable_path/Frameworks";
				PRODUCT_BUNDLE_IDENTIFIER = com.lassesilkoset.Hitch;
				PRODUCT_NAME = "$(TARGET_NAME)";
				SWIFT_VERSION = 4.0;
				TARGETED_DEVICE_FAMILY = 1;
			};
			name = Debug;
		};
		C4AEA9B020DC065E00A57289 /* Release */ = {
			isa = XCBuildConfiguration;
			baseConfigurationReference = 44375D84D521C24DACC7A5BE /* Pods-Hitch.release.xcconfig */;
			buildSettings = {
				ASSETCATALOG_COMPILER_APPICON_NAME = AppIcon;
				CODE_SIGN_STYLE = Automatic;
				DEVELOPMENT_TEAM = 6PPL8837AU;
				INFOPLIST_FILE = Hitch/Info.plist;
				LD_RUNPATH_SEARCH_PATHS = "$(inherited) @executable_path/Frameworks";
				PRODUCT_BUNDLE_IDENTIFIER = com.lassesilkoset.Hitch;
				PRODUCT_NAME = "$(TARGET_NAME)";
				SWIFT_VERSION = 4.0;
				TARGETED_DEVICE_FAMILY = 1;
			};
			name = Release;
		};
/* End XCBuildConfiguration section */

/* Begin XCConfigurationList section */
		C4AEA99720DC065E00A57289 /* Build configuration list for PBXProject "Hitch" */ = {
			isa = XCConfigurationList;
			buildConfigurations = (
				C4AEA9AC20DC065E00A57289 /* Debug */,
				C4AEA9AD20DC065E00A57289 /* Release */,
			);
			defaultConfigurationIsVisible = 0;
			defaultConfigurationName = Release;
		};
		C4AEA9AE20DC065E00A57289 /* Build configuration list for PBXNativeTarget "Hitch" */ = {
			isa = XCConfigurationList;
			buildConfigurations = (
				C4AEA9AF20DC065E00A57289 /* Debug */,
				C4AEA9B020DC065E00A57289 /* Release */,
			);
			defaultConfigurationIsVisible = 0;
			defaultConfigurationName = Release;
		};
/* End XCConfigurationList section */
	};
	rootObject = C4AEA99420DC065E00A57289 /* Project object */;
}
